{
  "requires": true,
  "lockfileVersion": 1,
  "dependencies": {
    "filesize": {
      "version": "6.0.1",
      "resolved": "https://registry.npmjs.org/filesize/-/filesize-6.0.1.tgz",
      "integrity": "sha512-u4AYWPgbI5GBhs6id1KdImZWn5yfyFrrQ8OWZdN7ZMfA8Bf4HcO0BGo9bmUIEV8yrp8I1xVfJ/dn90GtFNNJcg=="
    },
    "handlebars": {
      "version": "4.5.3",
      "resolved": "https://registry.npmjs.org/handlebars/-/handlebars-4.5.3.tgz",
      "integrity": "sha512-3yPecJoJHK/4c6aZhSvxOyG4vJKDshV36VHp0iVCDVh7o9w2vwi3NSnL2MMPj3YdduqaBcu7cGbggJQM0br9xA==",
      "requires": {
        "neo-async": "^2.6.0",
        "optimist": "^0.6.1",
        "source-map": "^0.6.1",
        "uglify-js": "^3.1.4"
      }
    },
    "lodash": {
      "version": "4.17.15",
      "resolved": "https://registry.npmjs.org/lodash/-/lodash-4.17.15.tgz",
      "integrity": "sha512-8xOcRHvCjnocdS5cpwXQXVzmmh5e5+saE2QGoeQmbKmRS6J3VQppPOIt0MnmE+4xlZoumy0GPG0D0MVIQbNA1A=="
    },
    "minimist": {
      "version": "0.0.10",
      "resolved": "https://registry.npmjs.org/minimist/-/minimist-0.0.10.tgz",
      "integrity": "sha512-iotkTvxc+TwOm5Ieim8VnSNvCDjCK9S8G3scJ50ZthspSxa7jx50jkhYduuAtAjvfDUwSgOwf8+If99AlOEhyw=="
    },
    "neo-async": {
      "version": "2.6.2",
      "resolved": "https://registry.npmjs.org/neo-async/-/neo-async-2.6.2.tgz",
      "integrity": "sha512-Yd3UES5mWCSqR+qNT93S3UoYUkqAZ9lLg8a7g9rimsWmYGK8cVToA4/sF3RrshdyV3sAGMXVUmpMYOw+dLpOuw=="
    },
    "newman-reporter-html": {
      "version": "1.0.5",
      "resolved": "https://registry.npmjs.org/newman-reporter-html/-/newman-reporter-html-1.0.5.tgz",
      "integrity": "sha512-Kz8ejzJqDaasyqNuP8F7bBYzsts7JP3wBfdRQDOYPCUchVQF63KsbxtxbGadyzOeXcZsXs6YT3pe4FFlN51jcw==",
      "requires": {
        "filesize": "6.0.1",
        "handlebars": "4.5.3",
        "lodash": "4.17.15",
        "pretty-ms": "5.1.0"
      }
    },
    "optimist": {
      "version": "0.6.1",
      "resolved": "https://registry.npmjs.org/optimist/-/optimist-0.6.1.tgz",
      "integrity": "sha512-snN4O4TkigujZphWLN0E//nQmm7790RYaE53DdL7ZYwee2D8DDo9/EyYiKUfN3rneWUjhJnueija3G9I2i0h3g==",
      "requires": {
        "minimist": "~0.0.1",
        "wordwrap": "~0.0.2"
      }
    },
    "parse-ms": {
      "version": "2.1.0",
      "resolved": "https://registry.npmjs.org/parse-ms/-/parse-ms-2.1.0.tgz",
      "integrity": "sha512-kHt7kzLoS9VBZfUsiKjv43mr91ea+U05EyKkEtqp7vNbHxmaVuEqN7XxeEVnGrMtYOAxGrDElSi96K7EgO1zCA=="
    },
    "pretty-ms": {
      "version": "5.1.0",
      "resolved": "https://registry.npmjs.org/pretty-ms/-/pretty-ms-5.1.0.tgz",
      "integrity": "sha512-4gaK1skD2gwscCfkswYQRmddUb2GJZtzDGRjHWadVHtK/DIKFufa12MvES6/xu1tVbUYeia5bmLcwJtZJQUqnw==",
      "requires": {
        "parse-ms": "^2.1.0"
      }
    },
    "source-map": {
      "version": "0.6.1",
      "resolved": "https://registry.npmjs.org/source-map/-/source-map-0.6.1.tgz",
      "integrity": "sha512-UjgapumWlbMhkBgzT7Ykc5YXUT46F0iKu8SGXq0bcwP5dz/h0Plj6enJqjz1Zbq2l5WaqYnrVbwWOWMyF3F47g=="
    },
    "uglify-js": {
      "version": "3.16.1",
      "resolved": "https://registry.npmjs.org/uglify-js/-/uglify-js-3.16.1.tgz",
      "integrity": "sha512-X5BGTIDH8U6IQ1TIRP62YC36k+ULAa1d59BxlWvPUJ1NkW5L3FwcGfEzuVvGmhJFBu0YJ5Ge25tmRISqCmLiRQ==",
      "optional": true
    },
    "wordwrap": {
      "version": "0.0.3",
      "resolved": "https://registry.npmjs.org/wordwrap/-/wordwrap-0.0.3.tgz",
      "integrity": "sha512-1tMA907+V4QmxV7dbRvb4/8MaRALK6q9Abid3ndMYnbyo8piisCmeONVqVSXqQA3KaP4SLt5b7ud6E2sqP8TFw=="
    }
  }
}
